// !$*UTF8*$!
{
	archiveVersion = 1;
	classes = {
	};
	objectVersion = 46;
	objects = {

/* Begin PBXBuildFile section */
		50DCA9DE47658754866952CF /* libPods.a in Frameworks */ = {isa = PBXBuildFile; fileRef = 8A3AF20E59A113B097F92E98 /* libPods.a */; };
		631CF6791AA96F1400CF3A04 /* AppDelegate.swift in Sources */ = {isa = PBXBuildFile; fileRef = 631CF6781AA96F1400CF3A04 /* AppDelegate.swift */; };
		631CF67B1AA96F1400CF3A04 /* ViewController.swift in Sources */ = {isa = PBXBuildFile; fileRef = 631CF67A1AA96F1400CF3A04 /* ViewController.swift */; };
		631CF67E1AA96F1400CF3A04 /* Main.storyboard in Resources */ = {isa = PBXBuildFile; fileRef = 631CF67C1AA96F1400CF3A04 /* Main.storyboard */; };
		631CF6801AA96F1400CF3A04 /* Images.xcassets in Resources */ = {isa = PBXBuildFile; fileRef = 631CF67F1AA96F1400CF3A04 /* Images.xcassets */; };
		631CF6831AA96F1400CF3A04 /* LaunchScreen.xib in Resources */ = {isa = PBXBuildFile; fileRef = 631CF6811AA96F1400CF3A04 /* LaunchScreen.xib */; };
		631CF68F1AA96F1500CF3A04 /* SWTJSQTests.swift in Sources */ = {isa = PBXBuildFile; fileRef = 631CF68E1AA96F1500CF3A04 /* SWTJSQTests.swift */; };
		63549E7A1AA9CE2500E88BAC /* 2.png in Resources */ = {isa = PBXBuildFile; fileRef = 63549E781AA9CE2500E88BAC /* 2.png */; };
		63549E7B1AA9CE2500E88BAC /* 1.png in Resources */ = {isa = PBXBuildFile; fileRef = 63549E791AA9CE2500E88BAC /* 1.png */; };
		6354A23B1AAA878700E88BAC /* FacebookSDK.framework in Frameworks */ = {isa = PBXBuildFile; fileRef = 6354A23A1AAA878700E88BAC /* FacebookSDK.framework */; };
		6354A23D1AAAC83200E88BAC /* FacebookLoginViewController.swift in Sources */ = {isa = PBXBuildFile; fileRef = 6354A23C1AAAC83200E88BAC /* FacebookLoginViewController.swift */; };
		6354A2401AAC4E6900E88BAC /* libc++.dylib in Frameworks */ = {isa = PBXBuildFile; fileRef = 6354A23F1AAC4E6900E88BAC /* libc++.dylib */; };
		6354A2421AAC4E7E00E88BAC /* libicucore.dylib in Frameworks */ = {isa = PBXBuildFile; fileRef = 6354A2411AAC4E7E00E88BAC /* libicucore.dylib */; };
		6354A2441AAC4E8A00E88BAC /* CFNetwork.framework in Frameworks */ = {isa = PBXBuildFile; fileRef = 6354A2431AAC4E8A00E88BAC /* CFNetwork.framework */; };
		6354A2461AAC4E9B00E88BAC /* Security.framework in Frameworks */ = {isa = PBXBuildFile; fileRef = 6354A2451AAC4E9B00E88BAC /* Security.framework */; };
		6354A2481AAC4EA700E88BAC /* SystemConfiguration.framework in Frameworks */ = {isa = PBXBuildFile; fileRef = 6354A2471AAC4EA700E88BAC /* SystemConfiguration.framework */; };
		637E617D1AAC6D86009D95E1 /* Message.swift in Sources */ = {isa = PBXBuildFile; fileRef = 637E617C1AAC6D86009D95E1 /* Message.swift */; };
/* End PBXBuildFile section */

/* Begin PBXContainerItemProxy section */
		631CF6891AA96F1500CF3A04 /* PBXContainerItemProxy */ = {
			isa = PBXContainerItemProxy;
			containerPortal = 631CF66B1AA96F1400CF3A04 /* Project object */;
			proxyType = 1;
			remoteGlobalIDString = 631CF6721AA96F1400CF3A04;
			remoteInfo = SWTJSQ;
		};
/* End PBXContainerItemProxy section */

/* Begin PBXFileReference section */
		256F530D2D4D62A3F4C1D5EF /* Pods.debug.xcconfig */ = {isa = PBXFileReference; includeInIndex = 1; lastKnownFileType = text.xcconfig; name = Pods.debug.xcconfig; path = "Pods/Target Support Files/Pods/Pods.debug.xcconfig"; sourceTree = "<group>"; };
		631CF6731AA96F1400CF3A04 /* SWTJSQ.app */ = {isa = PBXFileReference; explicitFileType = wrapper.application; includeInIndex = 0; path = SWTJSQ.app; sourceTree = BUILT_PRODUCTS_DIR; };
		631CF6771AA96F1400CF3A04 /* Info.plist */ = {isa = PBXFileReference; lastKnownFileType = text.plist.xml; path = Info.plist; sourceTree = "<group>"; };
		631CF6781AA96F1400CF3A04 /* AppDelegate.swift */ = {isa = PBXFileReference; lastKnownFileType = sourcecode.swift; path = AppDelegate.swift; sourceTree = "<group>"; };
		631CF67A1AA96F1400CF3A04 /* ViewController.swift */ = {isa = PBXFileReference; lastKnownFileType = sourcecode.swift; path = ViewController.swift; sourceTree = "<group>"; };
		631CF67D1AA96F1400CF3A04 /* Base */ = {isa = PBXFileReference; lastKnownFileType = file.storyboard; name = Base; path = Base.lproj/Main.storyboard; sourceTree = "<group>"; };
		631CF67F1AA96F1400CF3A04 /* Images.xcassets */ = {isa = PBXFileReference; lastKnownFileType = folder.assetcatalog; path = Images.xcassets; sourceTree = "<group>"; };
		631CF6821AA96F1400CF3A04 /* Base */ = {isa = PBXFileReference; lastKnownFileType = file.xib; name = Base; path = Base.lproj/LaunchScreen.xib; sourceTree = "<group>"; };
		631CF6881AA96F1500CF3A04 /* SWTJSQTests.xctest */ = {isa = PBXFileReference; explicitFileType = wrapper.cfbundle; includeInIndex = 0; path = SWTJSQTests.xctest; sourceTree = BUILT_PRODUCTS_DIR; };
		631CF68D1AA96F1500CF3A04 /* Info.plist */ = {isa = PBXFileReference; lastKnownFileType = text.plist.xml; path = Info.plist; sourceTree = "<group>"; };
		631CF68E1AA96F1500CF3A04 /* SWTJSQTests.swift */ = {isa = PBXFileReference; lastKnownFileType = sourcecode.swift; path = SWTJSQTests.swift; sourceTree = "<group>"; };
		63549E771AA97DBB00E88BAC /* BridgingHeader.h */ = {isa = PBXFileReference; lastKnownFileType = sourcecode.c.h; path = BridgingHeader.h; sourceTree = "<group>"; };
		63549E781AA9CE2500E88BAC /* 2.png */ = {isa = PBXFileReference; lastKnownFileType = image.png; path = 2.png; sourceTree = "<group>"; };
		63549E791AA9CE2500E88BAC /* 1.png */ = {isa = PBXFileReference; lastKnownFileType = image.png; path = 1.png; sourceTree = "<group>"; };
		6354A23A1AAA878700E88BAC /* FacebookSDK.framework */ = {isa = PBXFileReference; lastKnownFileType = wrapper.framework; name = FacebookSDK.framework; path = ../../Documents/FacebookSDK/FacebookSDK.framework; sourceTree = "<group>"; };
		6354A23C1AAAC83200E88BAC /* FacebookLoginViewController.swift */ = {isa = PBXFileReference; fileEncoding = 4; lastKnownFileType = sourcecode.swift; path = FacebookLoginViewController.swift; sourceTree = "<group>"; };
		6354A23F1AAC4E6900E88BAC /* libc++.dylib */ = {isa = PBXFileReference; lastKnownFileType = "compiled.mach-o.dylib"; name = "libc++.dylib"; path = "usr/lib/libc++.dylib"; sourceTree = SDKROOT; };
		6354A2411AAC4E7E00E88BAC /* libicucore.dylib */ = {isa = PBXFileReference; lastKnownFileType = "compiled.mach-o.dylib"; name = libicucore.dylib; path = usr/lib/libicucore.dylib; sourceTree = SDKROOT; };
		6354A2431AAC4E8A00E88BAC /* CFNetwork.framework */ = {isa = PBXFileReference; lastKnownFileType = wrapper.framework; name = CFNetwork.framework; path = System/Library/Frameworks/CFNetwork.framework; sourceTree = SDKROOT; };
		6354A2451AAC4E9B00E88BAC /* Security.framework */ = {isa = PBXFileReference; lastKnownFileType = wrapper.framework; name = Security.framework; path = System/Library/Frameworks/Security.framework; sourceTree = SDKROOT; };
		6354A2471AAC4EA700E88BAC /* SystemConfiguration.framework */ = {isa = PBXFileReference; lastKnownFileType = wrapper.framework; name = SystemConfiguration.framework; path = System/Library/Frameworks/SystemConfiguration.framework; sourceTree = SDKROOT; };
		637E617C1AAC6D86009D95E1 /* Message.swift */ = {isa = PBXFileReference; fileEncoding = 4; lastKnownFileType = sourcecode.swift; path = Message.swift; sourceTree = "<group>"; };
		8A3AF20E59A113B097F92E98 /* libPods.a */ = {isa = PBXFileReference; explicitFileType = archive.ar; includeInIndex = 0; path = libPods.a; sourceTree = BUILT_PRODUCTS_DIR; };
		C7BFE60E4353084E5519D829 /* Pods.release.xcconfig */ = {isa = PBXFileReference; includeInIndex = 1; lastKnownFileType = text.xcconfig; name = Pods.release.xcconfig; path = "Pods/Target Support Files/Pods/Pods.release.xcconfig"; sourceTree = "<group>"; };
/* End PBXFileReference section */

/* Begin PBXFrameworksBuildPhase section */
		631CF6701AA96F1400CF3A04 /* Frameworks */ = {
			isa = PBXFrameworksBuildPhase;
			buildActionMask = 2147483647;
			files = (
				6354A2481AAC4EA700E88BAC /* SystemConfiguration.framework in Frameworks */,
				6354A2461AAC4E9B00E88BAC /* Security.framework in Frameworks */,
				6354A2441AAC4E8A00E88BAC /* CFNetwork.framework in Frameworks */,
				6354A2421AAC4E7E00E88BAC /* libicucore.dylib in Frameworks */,
				6354A2401AAC4E6900E88BAC /* libc++.dylib in Frameworks */,
				50DCA9DE47658754866952CF /* libPods.a in Frameworks */,
				6354A23B1AAA878700E88BAC /* FacebookSDK.framework in Frameworks */,
			);
			runOnlyForDeploymentPostprocessing = 0;
		};
		631CF6851AA96F1500CF3A04 /* Frameworks */ = {
			isa = PBXFrameworksBuildPhase;
			buildActionMask = 2147483647;
			files = (
			);
			runOnlyForDeploymentPostprocessing = 0;
		};
/* End PBXFrameworksBuildPhase section */

/* Begin PBXGroup section */
		179534E9B168E3C2F0A02E3E /* Frameworks */ = {
			isa = PBXGroup;
			children = (
				6354A2471AAC4EA700E88BAC /* SystemConfiguration.framework */,
				6354A2451AAC4E9B00E88BAC /* Security.framework */,
				6354A2431AAC4E8A00E88BAC /* CFNetwork.framework */,
				6354A2411AAC4E7E00E88BAC /* libicucore.dylib */,
				6354A23F1AAC4E6900E88BAC /* libc++.dylib */,
				6354A23A1AAA878700E88BAC /* FacebookSDK.framework */,
				8A3AF20E59A113B097F92E98 /* libPods.a */,
			);
			name = Frameworks;
			sourceTree = "<group>";
		};
		631CF66A1AA96F1400CF3A04 = {
			isa = PBXGroup;
			children = (
				63549E781AA9CE2500E88BAC /* 2.png */,
				63549E791AA9CE2500E88BAC /* 1.png */,
				63549E771AA97DBB00E88BAC /* BridgingHeader.h */,
				631CF6751AA96F1400CF3A04 /* SWTJSQ */,
				631CF68B1AA96F1500CF3A04 /* SWTJSQTests */,
				631CF6741AA96F1400CF3A04 /* Products */,
				CF46A62470D7C61EB7309246 /* Pods */,
				179534E9B168E3C2F0A02E3E /* Frameworks */,
			);
			sourceTree = "<group>";
		};
		631CF6741AA96F1400CF3A04 /* Products */ = {
			isa = PBXGroup;
			children = (
				631CF6731AA96F1400CF3A04 /* SWTJSQ.app */,
				631CF6881AA96F1500CF3A04 /* SWTJSQTests.xctest */,
			);
			name = Products;
			sourceTree = "<group>";
		};
		631CF6751AA96F1400CF3A04 /* SWTJSQ */ = {
			isa = PBXGroup;
			children = (
				631CF6781AA96F1400CF3A04 /* AppDelegate.swift */,
				631CF67A1AA96F1400CF3A04 /* ViewController.swift */,
				637E617C1AAC6D86009D95E1 /* Message.swift */,
				631CF67C1AA96F1400CF3A04 /* Main.storyboard */,
				6354A23C1AAAC83200E88BAC /* FacebookLoginViewController.swift */,
				631CF67F1AA96F1400CF3A04 /* Images.xcassets */,
				631CF6811AA96F1400CF3A04 /* LaunchScreen.xib */,
				631CF6761AA96F1400CF3A04 /* Supporting Files */,
			);
			path = SWTJSQ;
			sourceTree = "<group>";
		};
		631CF6761AA96F1400CF3A04 /* Supporting Files */ = {
			isa = PBXGroup;
			children = (
				631CF6771AA96F1400CF3A04 /* Info.plist */,
			);
			name = "Supporting Files";
			sourceTree = "<group>";
		};
		631CF68B1AA96F1500CF3A04 /* SWTJSQTests */ = {
			isa = PBXGroup;
			children = (
				631CF68E1AA96F1500CF3A04 /* SWTJSQTests.swift */,
				631CF68C1AA96F1500CF3A04 /* Supporting Files */,
			);
			path = SWTJSQTests;
			sourceTree = "<group>";
		};
		631CF68C1AA96F1500CF3A04 /* Supporting Files */ = {
			isa = PBXGroup;
			children = (
				631CF68D1AA96F1500CF3A04 /* Info.plist */,
			);
			name = "Supporting Files";
			sourceTree = "<group>";
		};
		CF46A62470D7C61EB7309246 /* Pods */ = {
			isa = PBXGroup;
			children = (
				256F530D2D4D62A3F4C1D5EF /* Pods.debug.xcconfig */,
				C7BFE60E4353084E5519D829 /* Pods.release.xcconfig */,
			);
			name = Pods;
			sourceTree = "<group>";
		};
/* End PBXGroup section */

/* Begin PBXNativeTarget section */
		631CF6721AA96F1400CF3A04 /* SWTJSQ */ = {
			isa = PBXNativeTarget;
			buildConfigurationList = 631CF6921AA96F1500CF3A04 /* Build configuration list for PBXNativeTarget "SWTJSQ" */;
			buildPhases = (
				12F49EE9354AA36359BBA7CC /* Check Pods Manifest.lock */,
				631CF66F1AA96F1400CF3A04 /* Sources */,
				631CF6701AA96F1400CF3A04 /* Frameworks */,
				631CF6711AA96F1400CF3A04 /* Resources */,
				D14506D73E7983627165F05C /* Copy Pods Resources */,
			);
			buildRules = (
			);
			dependencies = (
			);
			name = SWTJSQ;
			productName = SWTJSQ;
			productReference = 631CF6731AA96F1400CF3A04 /* SWTJSQ.app */;
			productType = "com.apple.product-type.application";
		};
		631CF6871AA96F1500CF3A04 /* SWTJSQTests */ = {
			isa = PBXNativeTarget;
			buildConfigurationList = 631CF6951AA96F1500CF3A04 /* Build configuration list for PBXNativeTarget "SWTJSQTests" */;
			buildPhases = (
				631CF6841AA96F1500CF3A04 /* Sources */,
				631CF6851AA96F1500CF3A04 /* Frameworks */,
				631CF6861AA96F1500CF3A04 /* Resources */,
			);
			buildRules = (
			);
			dependencies = (
				631CF68A1AA96F1500CF3A04 /* PBXTargetDependency */,
			);
			name = SWTJSQTests;
			productName = SWTJSQTests;
			productReference = 631CF6881AA96F1500CF3A04 /* SWTJSQTests.xctest */;
			productType = "com.apple.product-type.bundle.unit-test";
		};
/* End PBXNativeTarget section */

/* Begin PBXProject section */
		631CF66B1AA96F1400CF3A04 /* Project object */ = {
			isa = PBXProject;
			attributes = {
				LastUpgradeCheck = 0610;
				ORGANIZATIONNAME = David;
				TargetAttributes = {
					631CF6721AA96F1400CF3A04 = {
						CreatedOnToolsVersion = 6.1.1;
					};
					631CF6871AA96F1500CF3A04 = {
						CreatedOnToolsVersion = 6.1.1;
						TestTargetID = 631CF6721AA96F1400CF3A04;
					};
				};
			};
			buildConfigurationList = 631CF66E1AA96F1400CF3A04 /* Build configuration list for PBXProject "SWTJSQ" */;
			compatibilityVersion = "Xcode 3.2";
			developmentRegion = English;
			hasScannedForEncodings = 0;
			knownRegions = (
				en,
				Base,
				he,
			);
			mainGroup = 631CF66A1AA96F1400CF3A04;
			productRefGroup = 631CF6741AA96F1400CF3A04 /* Products */;
			projectDirPath = "";
			projectRoot = "";
			targets = (
				631CF6721AA96F1400CF3A04 /* SWTJSQ */,
				631CF6871AA96F1500CF3A04 /* SWTJSQTests */,
			);
		};
/* End PBXProject section */

/* Begin PBXResourcesBuildPhase section */
		631CF6711AA96F1400CF3A04 /* Resources */ = {
			isa = PBXResourcesBuildPhase;
			buildActionMask = 2147483647;
			files = (
				631CF67E1AA96F1400CF3A04 /* Main.storyboard in Resources */,
				631CF6831AA96F1400CF3A04 /* LaunchScreen.xib in Resources */,
				63549E7A1AA9CE2500E88BAC /* 2.png in Resources */,
				631CF6801AA96F1400CF3A04 /* Images.xcassets in Resources */,
				63549E7B1AA9CE2500E88BAC /* 1.png in Resources */,
			);
			runOnlyForDeploymentPostprocessing = 0;
		};
		631CF6861AA96F1500CF3A04 /* Resources */ = {
			isa = PBXResourcesBuildPhase;
			buildActionMask = 2147483647;
			files = (
			);
			runOnlyForDeploymentPostprocessing = 0;
		};
/* End PBXResourcesBuildPhase section */

/* Begin PBXShellScriptBuildPhase section */
		12F49EE9354AA36359BBA7CC /* Check Pods Manifest.lock */ = {
			isa = PBXShellScriptBuildPhase;
			buildActionMask = 2147483647;
			files = (
			);
			inputPaths = (
			);
			name = "Check Pods Manifest.lock";
			outputPaths = (
			);
			runOnlyForDeploymentPostprocessing = 0;
			shellPath = /bin/sh;
			shellScript = "diff \"${PODS_ROOT}/../Podfile.lock\" \"${PODS_ROOT}/Manifest.lock\" > /dev/null\nif [[ $? != 0 ]] ; then\n    cat << EOM\nerror: The sandbox is not in sync with the Podfile.lock. Run 'pod install' or update your CocoaPods installation.\nEOM\n    exit 1\nfi\n";
			showEnvVarsInLog = 0;
		};
		D14506D73E7983627165F05C /* Copy Pods Resources */ = {
			isa = PBXShellScriptBuildPhase;
			buildActionMask = 2147483647;
			files = (
			);
			inputPaths = (
			);
			name = "Copy Pods Resources";
			outputPaths = (
			);
			runOnlyForDeploymentPostprocessing = 0;
			shellPath = /bin/sh;
			shellScript = "\"${SRCROOT}/Pods/Target Support Files/Pods/Pods-resources.sh\"\n";
			showEnvVarsInLog = 0;
		};
/* End PBXShellScriptBuildPhase section */

/* Begin PBXSourcesBuildPhase section */
		631CF66F1AA96F1400CF3A04 /* Sources */ = {
			isa = PBXSourcesBuildPhase;
			buildActionMask = 2147483647;
			files = (
				631CF67B1AA96F1400CF3A04 /* ViewController.swift in Sources */,
				637E617D1AAC6D86009D95E1 /* Message.swift in Sources */,
				631CF6791AA96F1400CF3A04 /* AppDelegate.swift in Sources */,
				6354A23D1AAAC83200E88BAC /* FacebookLoginViewController.swift in Sources */,
			);
			runOnlyForDeploymentPostprocessing = 0;
		};
		631CF6841AA96F1500CF3A04 /* Sources */ = {
			isa = PBXSourcesBuildPhase;
			buildActionMask = 2147483647;
			files = (
				631CF68F1AA96F1500CF3A04 /* SWTJSQTests.swift in Sources */,
			);
			runOnlyForDeploymentPostprocessing = 0;
		};
/* End PBXSourcesBuildPhase section */

/* Begin PBXTargetDependency section */
		631CF68A1AA96F1500CF3A04 /* PBXTargetDependency */ = {
			isa = PBXTargetDependency;
			target = 631CF6721AA96F1400CF3A04 /* SWTJSQ */;
			targetProxy = 631CF6891AA96F1500CF3A04 /* PBXContainerItemProxy */;
		};
/* End PBXTargetDependency section */

/* Begin PBXVariantGroup section */
		631CF67C1AA96F1400CF3A04 /* Main.storyboard */ = {
			isa = PBXVariantGroup;
			children = (
				631CF67D1AA96F1400CF3A04 /* Base */,
			);
			name = Main.storyboard;
			sourceTree = "<group>";
		};
		631CF6811AA96F1400CF3A04 /* LaunchScreen.xib */ = {
			isa = PBXVariantGroup;
			children = (
				631CF6821AA96F1400CF3A04 /* Base */,
			);
			name = LaunchScreen.xib;
			sourceTree = "<group>";
		};
/* End PBXVariantGroup section */

/* Begin XCBuildConfiguration section */
		631CF6901AA96F1500CF3A04 /* Debug */ = {
			isa = XCBuildConfiguration;
			buildSettings = {
				ALWAYS_SEARCH_USER_PATHS = NO;
				CLANG_CXX_LANGUAGE_STANDARD = "gnu++0x";
				CLANG_CXX_LIBRARY = "libc++";
				CLANG_ENABLE_MODULES = YES;
				CLANG_ENABLE_OBJC_ARC = YES;
				CLANG_WARN_BOOL_CONVERSION = YES;
				CLANG_WARN_CONSTANT_CONVERSION = YES;
				CLANG_WARN_DIRECT_OBJC_ISA_USAGE = YES_ERROR;
				CLANG_WARN_EMPTY_BODY = YES;
				CLANG_WARN_ENUM_CONVERSION = YES;
				CLANG_WARN_INT_CONVERSION = YES;
				CLANG_WARN_OBJC_ROOT_CLASS = YES_ERROR;
				CLANG_WARN_UNREACHABLE_CODE = YES;
				CLANG_WARN__DUPLICATE_METHOD_MATCH = YES;
				"CODE_SIGN_IDENTITY[sdk=iphoneos*]" = "iPhone Developer";
				COPY_PHASE_STRIP = NO;
				ENABLE_STRICT_OBJC_MSGSEND = YES;
				GCC_C_LANGUAGE_STANDARD = gnu99;
				GCC_DYNAMIC_NO_PIC = NO;
				GCC_OPTIMIZATION_LEVEL = 0;
				GCC_PREPROCESSOR_DEFINITIONS = (
					"DEBUG=1",
					"$(inherited)",
				);
				GCC_SYMBOLS_PRIVATE_EXTERN = NO;
				GCC_WARN_64_TO_32_BIT_CONVERSION = YES;
				GCC_WARN_ABOUT_RETURN_TYPE = YES_ERROR;
				GCC_WARN_UNDECLARED_SELECTOR = YES;
				GCC_WARN_UNINITIALIZED_AUTOS = YES_AGGRESSIVE;
				GCC_WARN_UNUSED_FUNCTION = YES;
				GCC_WARN_UNUSED_VARIABLE = YES;
				IPHONEOS_DEPLOYMENT_TARGET = 8.1;
				MTL_ENABLE_DEBUG_INFO = YES;
				ONLY_ACTIVE_ARCH = YES;
				SDKROOT = iphoneos;
				SWIFT_OPTIMIZATION_LEVEL = "-Onone";
			};
			name = Debug;
		};
		631CF6911AA96F1500CF3A04 /* Release */ = {
			isa = XCBuildConfiguration;
			buildSettings = {
				ALWAYS_SEARCH_USER_PATHS = NO;
				CLANG_CXX_LANGUAGE_STANDARD = "gnu++0x";
				CLANG_CXX_LIBRARY = "libc++";
				CLANG_ENABLE_MODULES = YES;
				CLANG_ENABLE_OBJC_ARC = YES;
				CLANG_WARN_BOOL_CONVERSION = YES;
				CLANG_WARN_CONSTANT_CONVERSION = YES;
				CLANG_WARN_DIRECT_OBJC_ISA_USAGE = YES_ERROR;
				CLANG_WARN_EMPTY_BODY = YES;
				CLANG_WARN_ENUM_CONVERSION = YES;
				CLANG_WARN_INT_CONVERSION = YES;
				CLANG_WARN_OBJC_ROOT_CLASS = YES_ERROR;
				CLANG_WARN_UNREACHABLE_CODE = YES;
				CLANG_WARN__DUPLICATE_METHOD_MATCH = YES;
				"CODE_SIGN_IDENTITY[sdk=iphoneos*]" = "iPhone Developer";
				COPY_PHASE_STRIP = YES;
				ENABLE_NS_ASSERTIONS = NO;
				ENABLE_STRICT_OBJC_MSGSEND = YES;
				GCC_C_LANGUAGE_STANDARD = gnu99;
				GCC_WARN_64_TO_32_BIT_CONVERSION = YES;
				GCC_WARN_ABOUT_RETURN_TYPE = YES_ERROR;
				GCC_WARN_UNDECLARED_SELECTOR = YES;
				GCC_WARN_UNINITIALIZED_AUTOS = YES_AGGRESSIVE;
				GCC_WARN_UNUSED_FUNCTION = YES;
				GCC_WARN_UNUSED_VARIABLE = YES;
				IPHONEOS_DEPLOYMENT_TARGET = 8.1;
				MTL_ENABLE_DEBUG_INFO = NO;
				SDKROOT = iphoneos;
				VALIDATE_PRODUCT = YES;
			};
			name = Release;
		};
		631CF6931AA96F1500CF3A04 /* Debug */ = {
			isa = XCBuildConfiguration;
			baseConfigurationReference = 256F530D2D4D62A3F4C1D5EF /* Pods.debug.xcconfig */;
			buildSettings = {
				ASSETCATALOG_COMPILER_APPICON_NAME = AppIcon;
				FRAMEWORK_SEARCH_PATHS = (
					"$(inherited)",
					/Users/David/Documents/FacebookSDK,
					"$(PROJECT_DIR)",
				);
				INFOPLIST_FILE = SWTJSQ/Info.plist;
				LD_RUNPATH_SEARCH_PATHS = "$(inherited) @executable_path/Frameworks";
				PRODUCT_NAME = "$(TARGET_NAME)";
				SWIFT_OBJC_BRIDGING_HEADER = BridgingHeader.h;
			};
			name = Debug;
		};
		631CF6941AA96F1500CF3A04 /* Release */ = {
			isa = XCBuildConfiguration;
			baseConfigurationReference = C7BFE60E4353084E5519D829 /* Pods.release.xcconfig */;
			buildSettings = {
				ASSETCATALOG_COMPILER_APPICON_NAME = AppIcon;
				FRAMEWORK_SEARCH_PATHS = (
					"$(inherited)",
					/Users/David/Documents/FacebookSDK,
					"$(PROJECT_DIR)",
				);
				INFOPLIST_FILE = SWTJSQ/Info.plist;
				LD_RUNPATH_SEARCH_PATHS = "$(inherited) @executable_path/Frameworks";
				PRODUCT_NAME = "$(TARGET_NAME)";
				SWIFT_OBJC_BRIDGING_HEADER = BridgingHeader.h;
			};
			name = Release;
		};
		631CF6961AA96F1500CF3A04 /* Debug */ = {
			isa = XCBuildConfiguration;
			buildSettings = {
				BUNDLE_LOADER = "$(TEST_HOST)";
				FRAMEWORK_SEARCH_PATHS = (
					"$(SDKROOT)/Developer/Library/Frameworks",
					"$(inherited)",
				);
				GCC_PREPROCESSOR_DEFINITIONS = (
					"DEBUG=1",
					"$(inherited)",
				);
				INFOPLIST_FILE = SWTJSQTests/Info.plist;
				LD_RUNPATH_SEARCH_PATHS = "$(inherited) @executable_path/Frameworks @loader_path/Frameworks";
				PRODUCT_NAME = "$(TARGET_NAME)";
				TEST_HOST = "$(BUILT_PRODUCTS_DIR)/SWTJSQ.app/SWTJSQ";
			};
			name = Debug;
		};
		631CF6971AA96F1500CF3A04 /* Release */ = {
			isa = XCBuildConfiguration;
			buildSettings = {
				BUNDLE_LOADER = "$(TEST_HOST)";
				FRAMEWORK_SEARCH_PATHS = (
					"$(SDKROOT)/Developer/Library/Frameworks",
					"$(inherited)",
				);
				INFOPLIST_FILE = SWTJSQTests/Info.plist;
				LD_RUNPATH_SEARCH_PATHS = "$(inherited) @executable_path/Frameworks @loader_path/Frameworks";
				PRODUCT_NAME = "$(TARGET_NAME)";
				TEST_HOST = "$(BUILT_PRODUCTS_DIR)/SWTJSQ.app/SWTJSQ";
			};
			name = Release;
		};
/* End XCBuildConfiguration section */

/* Begin XCConfigurationList section */
		631CF66E1AA96F1400CF3A04 /* Build configuration list for PBXProject "SWTJSQ" */ = {
			isa = XCConfigurationList;
			buildConfigurations = (
				631CF6901AA96F1500CF3A04 /* Debug */,
				631CF6911AA96F1500CF3A04 /* Release */,
			);
			defaultConfigurationIsVisible = 0;
			defaultConfigurationName = Release;
		};
		631CF6921AA96F1500CF3A04 /* Build configuration list for PBXNativeTarget "SWTJSQ" */ = {
			isa = XCConfigurationList;
			buildConfigurations = (
				631CF6931AA96F1500CF3A04 /* Debug */,
				631CF6941AA96F1500CF3A04 /* Release */,
			);
			defaultConfigurationIsVisible = 0;
			defaultConfigurationName = Release;
		};
		631CF6951AA96F1500CF3A04 /* Build configuration list for PBXNativeTarget "SWTJSQTests" */ = {
			isa = XCConfigurationList;
			buildConfigurations = (
				631CF6961AA96F1500CF3A04 /* Debug */,
				631CF6971AA96F1500CF3A04 /* Release */,
			);
			defaultConfigurationIsVisible = 0;
			defaultConfigurationName = Release;
		};
/* End XCConfigurationList section */
	};
	rootObject = 631CF66B1AA96F1400CF3A04 /* Project object */;
}
